// !$*UTF8*$!
{
	archiveVersion = 1;
	classes = {
	};
	objectVersion = 46;
	objects = {

/* Begin PBXBuildFile section */
		058BFCAB1BEC3B1000EA5F72 /* CoreDataStack.swift in Sources */ = {isa = PBXBuildFile; fileRef = 058BFCAA1BEC3B1000EA5F72 /* CoreDataStack.swift */; };
		058BFCAD1BEC3E6C00EA5F72 /* CoreDataHelper.swift in Sources */ = {isa = PBXBuildFile; fileRef = 058BFCAC1BEC3E6C00EA5F72 /* CoreDataHelper.swift */; };
		058BFCB21BEC419D00EA5F72 /* Trip+CoreDataProperties.swift in Sources */ = {isa = PBXBuildFile; fileRef = 058BFCB01BEC419D00EA5F72 /* Trip+CoreDataProperties.swift */; };
		058BFCB31BEC419D00EA5F72 /* Trip.swift in Sources */ = {isa = PBXBuildFile; fileRef = 058BFCB11BEC419D00EA5F72 /* Trip.swift */; };
		05F551E21BE3F6CE0002A8D1 /* AppDelegate.swift in Sources */ = {isa = PBXBuildFile; fileRef = 05F551E11BE3F6CE0002A8D1 /* AppDelegate.swift */; };
		05F551E71BE3F6CE0002A8D1 /* Main.storyboard in Resources */ = {isa = PBXBuildFile; fileRef = 05F551E51BE3F6CE0002A8D1 /* Main.storyboard */; };
		05F551EA1BE3F6CE0002A8D1 /* TripPlanner.xcdatamodeld in Sources */ = {isa = PBXBuildFile; fileRef = 05F551E81BE3F6CE0002A8D1 /* TripPlanner.xcdatamodeld */; };
		05F551EC1BE3F6CE0002A8D1 /* Assets.xcassets in Resources */ = {isa = PBXBuildFile; fileRef = 05F551EB1BE3F6CE0002A8D1 /* Assets.xcassets */; };
		05F551EF1BE3F6CE0002A8D1 /* LaunchScreen.storyboard in Resources */ = {isa = PBXBuildFile; fileRef = 05F551ED1BE3F6CE0002A8D1 /* LaunchScreen.storyboard */; };
		05F551FA1BE3F6CE0002A8D1 /* TripPlannerTests.swift in Sources */ = {isa = PBXBuildFile; fileRef = 05F551F91BE3F6CE0002A8D1 /* TripPlannerTests.swift */; };
		05F552051BE3F6CE0002A8D1 /* TripPlannerUITests.swift in Sources */ = {isa = PBXBuildFile; fileRef = 05F552041BE3F6CE0002A8D1 /* TripPlannerUITests.swift */; };
		05FBFDE91BEC073400F44C56 /* PlannedTrips.swift in Sources */ = {isa = PBXBuildFile; fileRef = 05FBFDE81BEC073400F44C56 /* PlannedTrips.swift */; };
		05FBFDEB1BEC075000F44C56 /* AddTrip.swift in Sources */ = {isa = PBXBuildFile; fileRef = 05FBFDEA1BEC075000F44C56 /* AddTrip.swift */; };
/* End PBXBuildFile section */

/* Begin PBXContainerItemProxy section */
		05F551F61BE3F6CE0002A8D1 /* PBXContainerItemProxy */ = {
			isa = PBXContainerItemProxy;
			containerPortal = 05F551D61BE3F6CE0002A8D1 /* Project object */;
			proxyType = 1;
			remoteGlobalIDString = 05F551DD1BE3F6CE0002A8D1;
			remoteInfo = TripPlanner;
		};
		05F552011BE3F6CE0002A8D1 /* PBXContainerItemProxy */ = {
			isa = PBXContainerItemProxy;
			containerPortal = 05F551D61BE3F6CE0002A8D1 /* Project object */;
			proxyType = 1;
			remoteGlobalIDString = 05F551DD1BE3F6CE0002A8D1;
			remoteInfo = TripPlanner;
		};
/* End PBXContainerItemProxy section */

/* Begin PBXFileReference section */
		058BFCAA1BEC3B1000EA5F72 /* CoreDataStack.swift */ = {isa = PBXFileReference; fileEncoding = 4; lastKnownFileType = sourcecode.swift; path = CoreDataStack.swift; sourceTree = "<group>"; };
		058BFCAC1BEC3E6C00EA5F72 /* CoreDataHelper.swift */ = {isa = PBXFileReference; fileEncoding = 4; lastKnownFileType = sourcecode.swift; path = CoreDataHelper.swift; sourceTree = "<group>"; };
		058BFCB01BEC419D00EA5F72 /* Trip+CoreDataProperties.swift */ = {isa = PBXFileReference; fileEncoding = 4; lastKnownFileType = sourcecode.swift; name = "Trip+CoreDataProperties.swift"; path = "TripPlanner/Trip+CoreDataProperties.swift"; sourceTree = "<group>"; };
		058BFCB11BEC419D00EA5F72 /* Trip.swift */ = {isa = PBXFileReference; fileEncoding = 4; lastKnownFileType = sourcecode.swift; name = Trip.swift; path = TripPlanner/Trip.swift; sourceTree = "<group>"; };
		05F551DE1BE3F6CE0002A8D1 /* TripPlanner.app */ = {isa = PBXFileReference; explicitFileType = wrapper.application; includeInIndex = 0; path = TripPlanner.app; sourceTree = BUILT_PRODUCTS_DIR; };
		05F551E11BE3F6CE0002A8D1 /* AppDelegate.swift */ = {isa = PBXFileReference; lastKnownFileType = sourcecode.swift; path = AppDelegate.swift; sourceTree = "<group>"; };
		05F551E61BE3F6CE0002A8D1 /* Base */ = {isa = PBXFileReference; lastKnownFileType = file.storyboard; name = Base; path = Base.lproj/Main.storyboard; sourceTree = "<group>"; };
		05F551E91BE3F6CE0002A8D1 /* TripPlanner.xcdatamodel */ = {isa = PBXFileReference; lastKnownFileType = wrapper.xcdatamodel; path = TripPlanner.xcdatamodel; sourceTree = "<group>"; };
		05F551EB1BE3F6CE0002A8D1 /* Assets.xcassets */ = {isa = PBXFileReference; lastKnownFileType = folder.assetcatalog; path = Assets.xcassets; sourceTree = "<group>"; };
		05F551EE1BE3F6CE0002A8D1 /* Base */ = {isa = PBXFileReference; lastKnownFileType = file.storyboard; name = Base; path = Base.lproj/LaunchScreen.storyboard; sourceTree = "<group>"; };
		05F551F01BE3F6CE0002A8D1 /* Info.plist */ = {isa = PBXFileReference; lastKnownFileType = text.plist.xml; path = Info.plist; sourceTree = "<group>"; };
		05F551F51BE3F6CE0002A8D1 /* TripPlannerTests.xctest */ = {isa = PBXFileReference; explicitFileType = wrapper.cfbundle; includeInIndex = 0; path = TripPlannerTests.xctest; sourceTree = BUILT_PRODUCTS_DIR; };
		05F551F91BE3F6CE0002A8D1 /* TripPlannerTests.swift */ = {isa = PBXFileReference; lastKnownFileType = sourcecode.swift; path = TripPlannerTests.swift; sourceTree = "<group>"; };
		05F551FB1BE3F6CE0002A8D1 /* Info.plist */ = {isa = PBXFileReference; lastKnownFileType = text.plist.xml; path = Info.plist; sourceTree = "<group>"; };
		05F552001BE3F6CE0002A8D1 /* TripPlannerUITests.xctest */ = {isa = PBXFileReference; explicitFileType = wrapper.cfbundle; includeInIndex = 0; path = TripPlannerUITests.xctest; sourceTree = BUILT_PRODUCTS_DIR; };
		05F552041BE3F6CE0002A8D1 /* TripPlannerUITests.swift */ = {isa = PBXFileReference; lastKnownFileType = sourcecode.swift; path = TripPlannerUITests.swift; sourceTree = "<group>"; };
		05F552061BE3F6CE0002A8D1 /* Info.plist */ = {isa = PBXFileReference; lastKnownFileType = text.plist.xml; path = Info.plist; sourceTree = "<group>"; };
		05FBFDE81BEC073400F44C56 /* PlannedTrips.swift */ = {isa = PBXFileReference; fileEncoding = 4; lastKnownFileType = sourcecode.swift; path = PlannedTrips.swift; sourceTree = "<group>"; };
		05FBFDEA1BEC075000F44C56 /* AddTrip.swift */ = {isa = PBXFileReference; fileEncoding = 4; lastKnownFileType = sourcecode.swift; path = AddTrip.swift; sourceTree = "<group>"; };
/* End PBXFileReference section */

/* Begin PBXFrameworksBuildPhase section */
		05F551DB1BE3F6CE0002A8D1 /* Frameworks */ = {
			isa = PBXFrameworksBuildPhase;
			buildActionMask = 2147483647;
			files = (
			);
			runOnlyForDeploymentPostprocessing = 0;
		};
		05F551F21BE3F6CE0002A8D1 /* Frameworks */ = {
			isa = PBXFrameworksBuildPhase;
			buildActionMask = 2147483647;
			files = (
			);
			runOnlyForDeploymentPostprocessing = 0;
		};
		05F551FD1BE3F6CE0002A8D1 /* Frameworks */ = {
			isa = PBXFrameworksBuildPhase;
			buildActionMask = 2147483647;
			files = (
			);
			runOnlyForDeploymentPostprocessing = 0;
		};
/* End PBXFrameworksBuildPhase section */

/* Begin PBXGroup section */
		05F551D51BE3F6CE0002A8D1 = {
			isa = PBXGroup;
			children = (
				058BFCB01BEC419D00EA5F72 /* Trip+CoreDataProperties.swift */,
				058BFCB11BEC419D00EA5F72 /* Trip.swift */,
				05F551E01BE3F6CE0002A8D1 /* TripPlanner */,
				05F551F81BE3F6CE0002A8D1 /* TripPlannerTests */,
				05F552031BE3F6CE0002A8D1 /* TripPlannerUITests */,
				05F551DF1BE3F6CE0002A8D1 /* Products */,
			);
			sourceTree = "<group>";
		};
		05F551DF1BE3F6CE0002A8D1 /* Products */ = {
			isa = PBXGroup;
			children = (
				05F551DE1BE3F6CE0002A8D1 /* TripPlanner.app */,
				05F551F51BE3F6CE0002A8D1 /* TripPlannerTests.xctest */,
				05F552001BE3F6CE0002A8D1 /* TripPlannerUITests.xctest */,
			);
			name = Products;
			sourceTree = "<group>";
		};
		05F551E01BE3F6CE0002A8D1 /* TripPlanner */ = {
			isa = PBXGroup;
			children = (
				05F551E11BE3F6CE0002A8D1 /* AppDelegate.swift */,
				058BFCAA1BEC3B1000EA5F72 /* CoreDataStack.swift */,
				058BFCAC1BEC3E6C00EA5F72 /* CoreDataHelper.swift */,
				05F551E51BE3F6CE0002A8D1 /* Main.storyboard */,
				05FBFDE81BEC073400F44C56 /* PlannedTrips.swift */,
				05FBFDEA1BEC075000F44C56 /* AddTrip.swift */,
				05F551EB1BE3F6CE0002A8D1 /* Assets.xcassets */,
				05F551ED1BE3F6CE0002A8D1 /* LaunchScreen.storyboard */,
				05F551F01BE3F6CE0002A8D1 /* Info.plist */,
				05F551E81BE3F6CE0002A8D1 /* TripPlanner.xcdatamodeld */,
			);
			path = TripPlanner;
			sourceTree = "<group>";
		};
		05F551F81BE3F6CE0002A8D1 /* TripPlannerTests */ = {
			isa = PBXGroup;
			children = (
				05F551F91BE3F6CE0002A8D1 /* TripPlannerTests.swift */,
				05F551FB1BE3F6CE0002A8D1 /* Info.plist */,
			);
			path = TripPlannerTests;
			sourceTree = "<group>";
		};
		05F552031BE3F6CE0002A8D1 /* TripPlannerUITests */ = {
			isa = PBXGroup;
			children = (
				05F552041BE3F6CE0002A8D1 /* TripPlannerUITests.swift */,
				05F552061BE3F6CE0002A8D1 /* Info.plist */,
			);
			path = TripPlannerUITests;
			sourceTree = "<group>";
		};
/* End PBXGroup section */

/* Begin PBXNativeTarget section */
		05F551DD1BE3F6CE0002A8D1 /* TripPlanner */ = {
			isa = PBXNativeTarget;
			buildConfigurationList = 05F552091BE3F6CE0002A8D1 /* Build configuration list for PBXNativeTarget "TripPlanner" */;
			buildPhases = (
				05F551DA1BE3F6CE0002A8D1 /* Sources */,
				05F551DB1BE3F6CE0002A8D1 /* Frameworks */,
				05F551DC1BE3F6CE0002A8D1 /* Resources */,
			);
			buildRules = (
			);
			dependencies = (
			);
			name = TripPlanner;
			productName = TripPlanner;
			productReference = 05F551DE1BE3F6CE0002A8D1 /* TripPlanner.app */;
			productType = "com.apple.product-type.application";
		};
		05F551F41BE3F6CE0002A8D1 /* TripPlannerTests */ = {
			isa = PBXNativeTarget;
			buildConfigurationList = 05F5520C1BE3F6CE0002A8D1 /* Build configuration list for PBXNativeTarget "TripPlannerTests" */;
			buildPhases = (
				05F551F11BE3F6CE0002A8D1 /* Sources */,
				05F551F21BE3F6CE0002A8D1 /* Frameworks */,
				05F551F31BE3F6CE0002A8D1 /* Resources */,
			);
			buildRules = (
			);
			dependencies = (
				05F551F71BE3F6CE0002A8D1 /* PBXTargetDependency */,
			);
			name = TripPlannerTests;
			productName = TripPlannerTests;
			productReference = 05F551F51BE3F6CE0002A8D1 /* TripPlannerTests.xctest */;
			productType = "com.apple.product-type.bundle.unit-test";
		};
		05F551FF1BE3F6CE0002A8D1 /* TripPlannerUITests */ = {
			isa = PBXNativeTarget;
			buildConfigurationList = 05F5520F1BE3F6CE0002A8D1 /* Build configuration list for PBXNativeTarget "TripPlannerUITests" */;
			buildPhases = (
				05F551FC1BE3F6CE0002A8D1 /* Sources */,
				05F551FD1BE3F6CE0002A8D1 /* Frameworks */,
				05F551FE1BE3F6CE0002A8D1 /* Resources */,
			);
			buildRules = (
			);
			dependencies = (
				05F552021BE3F6CE0002A8D1 /* PBXTargetDependency */,
			);
			name = TripPlannerUITests;
			productName = TripPlannerUITests;
			productReference = 05F552001BE3F6CE0002A8D1 /* TripPlannerUITests.xctest */;
			productType = "com.apple.product-type.bundle.ui-testing";
		};
/* End PBXNativeTarget section */

/* Begin PBXProject section */
		05F551D61BE3F6CE0002A8D1 /* Project object */ = {
			isa = PBXProject;
			attributes = {
				LastSwiftUpdateCheck = 0710;
				LastUpgradeCheck = 0710;
				ORGANIZATIONNAME = "Connor Maher";
				TargetAttributes = {
					05F551DD1BE3F6CE0002A8D1 = {
						CreatedOnToolsVersion = 7.1;
						DevelopmentTeam = K7D9888487;
					};
					05F551F41BE3F6CE0002A8D1 = {
						CreatedOnToolsVersion = 7.1;
						TestTargetID = 05F551DD1BE3F6CE0002A8D1;
					};
					05F551FF1BE3F6CE0002A8D1 = {
						CreatedOnToolsVersion = 7.1;
						TestTargetID = 05F551DD1BE3F6CE0002A8D1;
					};
				};
			};
			buildConfigurationList = 05F551D91BE3F6CE0002A8D1 /* Build configuration list for PBXProject "TripPlanner" */;
			compatibilityVersion = "Xcode 3.2";
			developmentRegion = English;
			hasScannedForEncodings = 0;
			knownRegions = (
				en,
				Base,
			);
			mainGroup = 05F551D51BE3F6CE0002A8D1;
			productRefGroup = 05F551DF1BE3F6CE0002A8D1 /* Products */;
			projectDirPath = "";
			projectRoot = "";
			targets = (
				05F551DD1BE3F6CE0002A8D1 /* TripPlanner */,
				05F551F41BE3F6CE0002A8D1 /* TripPlannerTests */,
				05F551FF1BE3F6CE0002A8D1 /* TripPlannerUITests */,
			);
		};
/* End PBXProject section */

/* Begin PBXResourcesBuildPhase section */
		05F551DC1BE3F6CE0002A8D1 /* Resources */ = {
			isa = PBXResourcesBuildPhase;
			buildActionMask = 2147483647;
			files = (
				05F551EF1BE3F6CE0002A8D1 /* LaunchScreen.storyboard in Resources */,
				05F551EC1BE3F6CE0002A8D1 /* Assets.xcassets in Resources */,
				05F551E71BE3F6CE0002A8D1 /* Main.storyboard in Resources */,
			);
			runOnlyForDeploymentPostprocessing = 0;
		};
		05F551F31BE3F6CE0002A8D1 /* Resources */ = {
			isa = PBXResourcesBuildPhase;
			buildActionMask = 2147483647;
			files = (
			);
			runOnlyForDeploymentPostprocessing = 0;
		};
		05F551FE1BE3F6CE0002A8D1 /* Resources */ = {
			isa = PBXResourcesBuildPhase;
			buildActionMask = 2147483647;
			files = (
			);
			runOnlyForDeploymentPostprocessing = 0;
		};
/* End PBXResourcesBuildPhase section */

/* Begin PBXSourcesBuildPhase section */
		05F551DA1BE3F6CE0002A8D1 /* Sources */ = {
			isa = PBXSourcesBuildPhase;
			buildActionMask = 2147483647;
			files = (
				058BFCB21BEC419D00EA5F72 /* Trip+CoreDataProperties.swift in Sources */,
				05FBFDEB1BEC075000F44C56 /* AddTrip.swift in Sources */,
				05F551EA1BE3F6CE0002A8D1 /* TripPlanner.xcdatamodeld in Sources */,
				058BFCAD1BEC3E6C00EA5F72 /* CoreDataHelper.swift in Sources */,
				058BFCB31BEC419D00EA5F72 /* Trip.swift in Sources */,
				058BFCAB1BEC3B1000EA5F72 /* CoreDataStack.swift in Sources */,
				05FBFDE91BEC073400F44C56 /* PlannedTrips.swift in Sources */,
				05F551E21BE3F6CE0002A8D1 /* AppDelegate.swift in Sources */,
			);
			runOnlyForDeploymentPostprocessing = 0;
		};
		05F551F11BE3F6CE0002A8D1 /* Sources */ = {
			isa = PBXSourcesBuildPhase;
			buildActionMask = 2147483647;
			files = (
				05F551FA1BE3F6CE0002A8D1 /* TripPlannerTests.swift in Sources */,
			);
			runOnlyForDeploymentPostprocessing = 0;
		};
		05F551FC1BE3F6CE0002A8D1 /* Sources */ = {
			isa = PBXSourcesBuildPhase;
			buildActionMask = 2147483647;
			files = (
				05F552051BE3F6CE0002A8D1 /* TripPlannerUITests.swift in Sources */,
			);
			runOnlyForDeploymentPostprocessing = 0;
		};
/* End PBXSourcesBuildPhase section */

/* Begin PBXTargetDependency section */
		05F551F71BE3F6CE0002A8D1 /* PBXTargetDependency */ = {
			isa = PBXTargetDependency;
			target = 05F551DD1BE3F6CE0002A8D1 /* TripPlanner */;
			targetProxy = 05F551F61BE3F6CE0002A8D1 /* PBXContainerItemProxy */;
		};
		05F552021BE3F6CE0002A8D1 /* PBXTargetDependency */ = {
			isa = PBXTargetDependency;
			target = 05F551DD1BE3F6CE0002A8D1 /* TripPlanner */;
			targetProxy = 05F552011BE3F6CE0002A8D1 /* PBXContainerItemProxy */;
		};
/* End PBXTargetDependency section */

/* Begin PBXVariantGroup section */
		05F551E51BE3F6CE0002A8D1 /* Main.storyboard */ = {
			isa = PBXVariantGroup;
			children = (
				05F551E61BE3F6CE0002A8D1 /* Base */,
			);
			name = Main.storyboard;
			sourceTree = "<group>";
		};
		05F551ED1BE3F6CE0002A8D1 /* LaunchScreen.storyboard */ = {
			isa = PBXVariantGroup;
			children = (
				05F551EE1BE3F6CE0002A8D1 /* Base */,
			);
			name = LaunchScreen.storyboard;
			sourceTree = "<group>";
		};
/* End PBXVariantGroup section */

/* Begin XCBuildConfiguration section */
		05F552071BE3F6CE0002A8D1 /* Debug */ = {
			isa = XCBuildConfiguration;
			buildSettings = {
				ALWAYS_SEARCH_USER_PATHS = NO;
				CLANG_CXX_LANGUAGE_STANDARD = "gnu++0x";
				CLANG_CXX_LIBRARY = "libc++";
				CLANG_ENABLE_MODULES = YES;
				CLANG_ENABLE_OBJC_ARC = YES;
				CLANG_WARN_BOOL_CONVERSION = YES;
				CLANG_WARN_CONSTANT_CONVERSION = YES;
				CLANG_WARN_DIRECT_OBJC_ISA_USAGE = YES_ERROR;
				CLANG_WARN_EMPTY_BODY = YES;
				CLANG_WARN_ENUM_CONVERSION = YES;
				CLANG_WARN_INT_CONVERSION = YES;
				CLANG_WARN_OBJC_ROOT_CLASS = YES_ERROR;
				CLANG_WARN_UNREACHABLE_CODE = YES;
				CLANG_WARN__DUPLICATE_METHOD_MATCH = YES;
				"CODE_SIGN_IDENTITY[sdk=iphoneos*]" = "iPhone Developer";
				COPY_PHASE_STRIP = NO;
				DEBUG_INFORMATION_FORMAT = dwarf;
				ENABLE_STRICT_OBJC_MSGSEND = YES;
				ENABLE_TESTABILITY = YES;
				GCC_C_LANGUAGE_STANDARD = gnu99;
				GCC_DYNAMIC_NO_PIC = NO;
				GCC_NO_COMMON_BLOCKS = YES;
				GCC_OPTIMIZATION_LEVEL = 0;
				GCC_PREPROCESSOR_DEFINITIONS = (
					"DEBUG=1",
					"$(inherited)",
				);
				GCC_WARN_64_TO_32_BIT_CONVERSION = YES;
				GCC_WARN_ABOUT_RETURN_TYPE = YES_ERROR;
				GCC_WARN_UNDECLARED_SELECTOR = YES;
				GCC_WARN_UNINITIALIZED_AUTOS = YES_AGGRESSIVE;
				GCC_WARN_UNUSED_FUNCTION = YES;
				GCC_WARN_UNUSED_VARIABLE = YES;
				IPHONEOS_DEPLOYMENT_TARGET = 9.1;
				MTL_ENABLE_DEBUG_INFO = YES;
				ONLY_ACTIVE_ARCH = YES;
				SDKROOT = iphoneos;
				SWIFT_OPTIMIZATION_LEVEL = "-Onone";
			};
			name = Debug;
		};
		05F552081BE3F6CE0002A8D1 /* Release */ = {
			isa = XCBuildConfiguration;
			buildSettings = {
				ALWAYS_SEARCH_USER_PATHS = NO;
				CLANG_CXX_LANGUAGE_STANDARD = "gnu++0x";
				CLANG_CXX_LIBRARY = "libc++";
				CLANG_ENABLE_MODULES = YES;
				CLANG_ENABLE_OBJC_ARC = YES;
				CLANG_WARN_BOOL_CONVERSION = YES;
				CLANG_WARN_CONSTANT_CONVERSION = YES;
				CLANG_WARN_DIRECT_OBJC_ISA_USAGE = YES_ERROR;
				CLANG_WARN_EMPTY_BODY = YES;
				CLANG_WARN_ENUM_CONVERSION = YES;
				CLANG_WARN_INT_CONVERSION = YES;
				CLANG_WARN_OBJC_ROOT_CLASS = YES_ERROR;
				CLANG_WARN_UNREACHABLE_CODE = YES;
				CLANG_WARN__DUPLICATE_METHOD_MATCH = YES;
				"CODE_SIGN_IDENTITY[sdk=iphoneos*]" = "iPhone Developer";
				COPY_PHASE_STRIP = NO;
				DEBUG_INFORMATION_FORMAT = "dwarf-with-dsym";
				ENABLE_NS_ASSERTIONS = NO;
				ENABLE_STRICT_OBJC_MSGSEND = YES;
				GCC_C_LANGUAGE_STANDARD = gnu99;
				GCC_NO_COMMON_BLOCKS = YES;
				GCC_WARN_64_TO_32_BIT_CONVERSION = YES;
				GCC_WARN_ABOUT_RETURN_TYPE = YES_ERROR;
				GCC_WARN_UNDECLARED_SELECTOR = YES;
				GCC_WARN_UNINITIALIZED_AUTOS = YES_AGGRESSIVE;
				GCC_WARN_UNUSED_FUNCTION = YES;
				GCC_WARN_UNUSED_VARIABLE = YES;
				IPHONEOS_DEPLOYMENT_TARGET = 9.1;
				MTL_ENABLE_DEBUG_INFO = NO;
				SDKROOT = iphoneos;
				VALIDATE_PRODUCT = YES;
			};
			name = Release;
		};
		05F5520A1BE3F6CE0002A8D1 /* Debug */ = {
			isa = XCBuildConfiguration;
			buildSettings = {
				ASSETCATALOG_COMPILER_APPICON_NAME = AppIcon;
				CODE_SIGN_IDENTITY = "iPhone Developer";
				"CODE_SIGN_IDENTITY[sdk=iphoneos*]" = "iPhone Developer";
				INFOPLIST_FILE = TripPlanner/Info.plist;
				LD_RUNPATH_SEARCH_PATHS = "$(inherited) @executable_path/Frameworks";
				PRODUCT_BUNDLE_IDENTIFIER = Maher.TripPlanner;
				PRODUCT_NAME = "$(TARGET_NAME)";
				PROVISIONING_PROFILE = "";
			};
			name = Debug;
		};
		05F5520B1BE3F6CE0002A8D1 /* Release */ = {
			isa = XCBuildConfiguration;
			buildSettings = {
				ASSETCATALOG_COMPILER_APPICON_NAME = AppIcon;
				CODE_SIGN_IDENTITY = "iPhone Developer";
				"CODE_SIGN_IDENTITY[sdk=iphoneos*]" = "iPhone Developer";
				INFOPLIST_FILE = TripPlanner/Info.plist;
				LD_RUNPATH_SEARCH_PATHS = "$(inherited) @executable_path/Frameworks";
				PRODUCT_BUNDLE_IDENTIFIER = Maher.TripPlanner;
				PRODUCT_NAME = "$(TARGET_NAME)";
				PROVISIONING_PROFILE = "";
			};
			name = Release;
		};
		05F5520D1BE3F6CE0002A8D1 /* Debug */ = {
			isa = XCBuildConfiguration;
			buildSettings = {
				BUNDLE_LOADER = "$(TEST_HOST)";
				INFOPLIST_FILE = TripPlannerTests/Info.plist;
				LD_RUNPATH_SEARCH_PATHS = "$(inherited) @executable_path/Frameworks @loader_path/Frameworks";
				PRODUCT_BUNDLE_IDENTIFIER = Maher.TripPlannerTests;
				PRODUCT_NAME = "$(TARGET_NAME)";
				TEST_HOST = "$(BUILT_PRODUCTS_DIR)/TripPlanner.app/TripPlanner";
			};
			name = Debug;
		};
		05F5520E1BE3F6CE0002A8D1 /* Release */ = {
			isa = XCBuildConfiguration;
			buildSettings = {
				BUNDLE_LOADER = "$(TEST_HOST)";
				INFOPLIST_FILE = TripPlannerTests/Info.plist;
				LD_RUNPATH_SEARCH_PATHS = "$(inherited) @executable_path/Frameworks @loader_path/Frameworks";
				PRODUCT_BUNDLE_IDENTIFIER = Maher.TripPlannerTests;
				PRODUCT_NAME = "$(TARGET_NAME)";
				TEST_HOST = "$(BUILT_PRODUCTS_DIR)/TripPlanner.app/TripPlanner";
			};
			name = Release;
		};
		05F552101BE3F6CE0002A8D1 /* Debug */ = {
			isa = XCBuildConfiguration;
			buildSettings = {
				INFOPLIST_FILE = TripPlannerUITests/Info.plist;
				LD_RUNPATH_SEARCH_PATHS = "$(inherited) @executable_path/Frameworks @loader_path/Frameworks";
				PRODUCT_BUNDLE_IDENTIFIER = Maher.TripPlannerUITests;
				PRODUCT_NAME = "$(TARGET_NAME)";
				TEST_TARGET_NAME = TripPlanner;
				USES_XCTRUNNER = YES;
			};
			name = Debug;
		};
		05F552111BE3F6CE0002A8D1 /* Release */ = {
			isa = XCBuildConfiguration;
			buildSettings = {
				INFOPLIST_FILE = TripPlannerUITests/Info.plist;
				LD_RUNPATH_SEARCH_PATHS = "$(inherited) @executable_path/Frameworks @loader_path/Frameworks";
				PRODUCT_BUNDLE_IDENTIFIER = Maher.TripPlannerUITests;
				PRODUCT_NAME = "$(TARGET_NAME)";
				TEST_TARGET_NAME = TripPlanner;
				USES_XCTRUNNER = YES;
			};
			name = Release;
		};
/* End XCBuildConfiguration section */

/* Begin XCConfigurationList section */
		05F551D91BE3F6CE0002A8D1 /* Build configuration list for PBXProject "TripPlanner" */ = {
			isa = XCConfigurationList;
			buildConfigurations = (
				05F552071BE3F6CE0002A8D1 /* Debug */,
				05F552081BE3F6CE0002A8D1 /* Release */,
			);
			defaultConfigurationIsVisible = 0;
			defaultConfigurationName = Release;
		};
		05F552091BE3F6CE0002A8D1 /* Build configuration list for PBXNativeTarget "TripPlanner" */ = {
			isa = XCConfigurationList;
			buildConfigurations = (
				05F5520A1BE3F6CE0002A8D1 /* Debug */,
				05F5520B1BE3F6CE0002A8D1 /* Release */,
			);
			defaultConfigurationIsVisible = 0;
			defaultConfigurationName = Release;
		};
		05F5520C1BE3F6CE0002A8D1 /* Build configuration list for PBXNativeTarget "TripPlannerTests" */ = {
			isa = XCConfigurationList;
			buildConfigurations = (
				05F5520D1BE3F6CE0002A8D1 /* Debug */,
				05F5520E1BE3F6CE0002A8D1 /* Release */,
			);
			defaultConfigurationIsVisible = 0;
			defaultConfigurationName = Release;
		};
		05F5520F1BE3F6CE0002A8D1 /* Build configuration list for PBXNativeTarget "TripPlannerUITests" */ = {
			isa = XCConfigurationList;
			buildConfigurations = (
				05F552101BE3F6CE0002A8D1 /* Debug */,
				05F552111BE3F6CE0002A8D1 /* Release */,
			);
			defaultConfigurationIsVisible = 0;
			defaultConfigurationName = Release;
		};
/* End XCConfigurationList section */

/* Begin XCVersionGroup section */
		05F551E81BE3F6CE0002A8D1 /* TripPlanner.xcdatamodeld */ = {
			isa = XCVersionGroup;
			children = (
				05F551E91BE3F6CE0002A8D1 /* TripPlanner.xcdatamodel */,
			);
			currentVersion = 05F551E91BE3F6CE0002A8D1 /* TripPlanner.xcdatamodel */;
			path = TripPlanner.xcdatamodeld;
			sourceTree = "<group>";
			versionGroupType = wrapper.xcdatamodel;
		};
/* End XCVersionGroup section */
	};
	rootObject = 05F551D61BE3F6CE0002A8D1 /* Project object */;
}
